
Microsoft Visual Studio Solution File, Format Version 12.00
# Visual Studio Version 16
VisualStudioVersion = 16.0.31321.278
MinimumVisualStudioVersion = 10.0.40219.1
Project("{FAE04EC0-301F-11D3-BF4B-00C04F79EFBC}") = "ProcessList", "ProcessList\ProcessList.csproj", "{D22194DF-A82A-45FF-A8AF-36135BA2993E}"
EndProject
Global
	GlobalSection(SolutionConfigurationPlatforms) = preSolution
		Debug|Any CPU = Debug|Any CPU
		Release|Any CPU = Release|Any CPU
	EndGlobalSection
	GlobalSection(ProjectConfigurationPlatforms) = postSolution
		{D22194DF-A82A-45FF-A8AF-36135BA2993E}.Debug|Any CPU.ActiveCfg = Debug|Any CPU
		{D22194DF-A82A-45FF-A8AF-36135BA2993E}.Debug|Any CPU.Build.0 = Debug|Any CPU
		{D22194DF-A82A-45FF-A8AF-36135BA2993E}.Release|Any CPU.ActiveCfg = Release|Any CPU
		{D22194DF-A82A-45FF-A8AF-36135BA2993E}.Release|Any CPU.Build.0 = Release|Any CPU
	EndGlobalSection
	GlobalSection(SolutionProperties) = preSolution
		HideSolutionNode = FALSE
	EndGlobalSection
	GlobalSection(ExtensibilityGlobals) = postSolution
		SolutionGuid = {CF47682D-4161-446A-9CC3-6C96B1BCD357}
	EndGlobalSection
EndGlobal
